
Microsoft Visual Studio Solution File, Format Version 12.00
# Visual Studio Version 18
VisualStudioVersion = 18.3.11206.111
MinimumVisualStudioVersion = 10.0.40219.1
Project("{2150E333-8FDC-42A3-9474-1A3956D46DE8}") = "src", "src", "{A4F20F3E-E885-4D04-B2A4-E817AE075CB0}"
EndProject
Project("{2150E333-8FDC-42A3-9474-1A3956D46DE8}") = "tests", "tests", "{8139FBE3-BF7F-455E-85E5-794558299997}"
EndProject
Project("{2150E333-8FDC-42A3-9474-1A3956D46DE8}") = "Day1", "Day1", "{AD884C84-BBCF-4483-9930-EC497C14300F}"
EndProject
Project("{2150E333-8FDC-42A3-9474-1A3956D46DE8}") = "Day1.Tests", "Day1.Tests", "{8FCC48E6-FE09-4BF8-9561-FA5307442821}"
EndProject
Project("{2150E333-8FDC-42A3-9474-1A3956D46DE8}") = "Day2", "Day2", "{D1B5250A-0E18-4183-AE2D-F3B83ABCABC5}"
EndProject
Project("{2150E333-8FDC-42A3-9474-1A3956D46DE8}") = "Day2.Tests", "Day2.Tests", "{6BF08854-55C9-48C9-B51D-FB75C862951E}"
EndProject
Project("{FAE04EC0-301F-11D3-BF4B-00C04F79EFBC}") = "Day2.Tests", "tests\Day2.Tests\Day2.Tests.csproj", "{108CAA25-EB75-47A8-9994-2DD6CE9AFF91}"
EndProject
Project("{2150E333-8FDC-42A3-9474-1A3956D46DE8}") = "Day3", "Day3", "{37A2B944-D0E3-4055-A467-E3D23363E6B4}"
EndProject
Project("{2150E333-8FDC-42A3-9474-1A3956D46DE8}") = "Day3.Tests", "Day3.Tests", "{0796630B-3959-4B5D-A991-096A1D99BB61}"
EndProject
Project("{FAE04EC0-301F-11D3-BF4B-00C04F79EFBC}") = "Day3.Tests", "tests\Day3.Tests\Day3.Tests.csproj", "{F771BC4D-7BFF-4959-BDEE-C3B6C6A7CA51}"
EndProject
Project("{FAE04EC0-301F-11D3-BF4B-00C04F79EFBC}") = "Day1.Tests", "tests\Day1.Tests\Day1.Tests.csproj", "{E4E858C4-C949-4610-A9B0-251E21F0CE8C}"
EndProject
Project("{FAE04EC0-301F-11D3-BF4B-00C04F79EFBC}") = "Day2", "src\Day2\Day2.csproj", "{0CD33391-98ED-4E0E-BB07-96D944602F9A}"
EndProject
Project("{FAE04EC0-301F-11D3-BF4B-00C04F79EFBC}") = "Day1", "src\Day1\Day1.csproj", "{E097ED78-C1BD-4FA9-86C2-7D0F4E162314}"
EndProject
Project("{FAE04EC0-301F-11D3-BF4B-00C04F79EFBC}") = "Day3", "src\Day3\Day3.csproj", "{68933817-26C9-4C44-BD15-B40824878FFC}"
EndProject
Project("{2150E333-8FDC-42A3-9474-1A3956D46DE8}") = "Day5", "Day5", "{7119A42A-23EB-428C-BFFA-626DAF136A2A}"
EndProject
Project("{2150E333-8FDC-42A3-9474-1A3956D46DE8}") = "Day5.Tests", "Day5.Tests", "{A126135E-A333-4585-A1FD-457DC13C592B}"
EndProject
Project("{FAE04EC0-301F-11D3-BF4B-00C04F79EFBC}") = "Day5", "src\Day5\Day5.csproj", "{B57F4F13-C8FC-CD0C-890B-8FD03CEF1BD3}"
EndProject
Project("{FAE04EC0-301F-11D3-BF4B-00C04F79EFBC}") = "Day5.Tests", "tests\Day5.Tests\Day5.Tests.csproj", "{2E41DE57-4570-2435-2E0B-97463713EC90}"
EndProject
Project("{2150E333-8FDC-42A3-9474-1A3956D46DE8}") = "Day4", "Day4", "{A658D53A-7F7B-4B5C-A164-D5CDD6A99171}"
EndProject
Project("{2150E333-8FDC-42A3-9474-1A3956D46DE8}") = "Day4.Tests", "Day4.Tests", "{732C598B-5AFD-46AD-97E1-D8865D1959F1}"
EndProject
Project("{FAE04EC0-301F-11D3-BF4B-00C04F79EFBC}") = "Day4", "src\Day4\Day4.csproj", "{881055B6-6C4D-9742-BE9D-5ADB6CC3E366}"
EndProject
Project("{FAE04EC0-301F-11D3-BF4B-00C04F79EFBC}") = "Day4.Tests", "tests\Day4.Tests\Day4.Tests.csproj", "{C4E348BA-F85C-64AD-4A9F-9D1E32D5E15D}"
EndProject
Project("{2150E333-8FDC-42A3-9474-1A3956D46DE8}") = "Day9", "Day9", "{6D78E327-F7BE-4774-8456-8791A8EBD60F}"
EndProject
Project("{FAE04EC0-301F-11D3-BF4B-00C04F79EFBC}") = "Day9", "src\Day9\Linq_Template\Task1\Day9.csproj", "{B4BD910E-6449-2D1F-32CC-85ABF9998FAD}"
EndProject
Project("{2150E333-8FDC-42A3-9474-1A3956D46DE8}") = "Day9.Tests", "Day9.Tests", "{A3A1B6CA-3F9D-4142-8702-BC573933C351}"
EndProject
Project("{FAE04EC0-301F-11D3-BF4B-00C04F79EFBC}") = "Day9.Tests", "tests\Day9.Tests\Day9.Tests.csproj", "{72A0AA4C-250C-4628-A296-52682728A1A6}"
EndProject
Global
	GlobalSection(SolutionConfigurationPlatforms) = preSolution
		Debug|Any CPU = Debug|Any CPU
		Release|Any CPU = Release|Any CPU
	EndGlobalSection
	GlobalSection(ProjectConfigurationPlatforms) = postSolution
		{108CAA25-EB75-47A8-9994-2DD6CE9AFF91}.Debug|Any CPU.ActiveCfg = Debug|Any CPU
		{108CAA25-EB75-47A8-9994-2DD6CE9AFF91}.Debug|Any CPU.Build.0 = Debug|Any CPU
		{108CAA25-EB75-47A8-9994-2DD6CE9AFF91}.Release|Any CPU.ActiveCfg = Release|Any CPU
		{108CAA25-EB75-47A8-9994-2DD6CE9AFF91}.Release|Any CPU.Build.0 = Release|Any CPU
		{F771BC4D-7BFF-4959-BDEE-C3B6C6A7CA51}.Debug|Any CPU.ActiveCfg = Debug|Any CPU
		{F771BC4D-7BFF-4959-BDEE-C3B6C6A7CA51}.Debug|Any CPU.Build.0 = Debug|Any CPU
		{F771BC4D-7BFF-4959-BDEE-C3B6C6A7CA51}.Release|Any CPU.ActiveCfg = Release|Any CPU
		{F771BC4D-7BFF-4959-BDEE-C3B6C6A7CA51}.Release|Any CPU.Build.0 = Release|Any CPU
		{E4E858C4-C949-4610-A9B0-251E21F0CE8C}.Debug|Any CPU.ActiveCfg = Debug|Any CPU
		{E4E858C4-C949-4610-A9B0-251E21F0CE8C}.Debug|Any CPU.Build.0 = Debug|Any CPU
		{E4E858C4-C949-4610-A9B0-251E21F0CE8C}.Release|Any CPU.ActiveCfg = Release|Any CPU
		{E4E858C4-C949-4610-A9B0-251E21F0CE8C}.Release|Any CPU.Build.0 = Release|Any CPU
		{0CD33391-98ED-4E0E-BB07-96D944602F9A}.Debug|Any CPU.ActiveCfg = Debug|Any CPU
		{0CD33391-98ED-4E0E-BB07-96D944602F9A}.Debug|Any CPU.Build.0 = Debug|Any CPU
		{0CD33391-98ED-4E0E-BB07-96D944602F9A}.Release|Any CPU.ActiveCfg = Release|Any CPU
		{0CD33391-98ED-4E0E-BB07-96D944602F9A}.Release|Any CPU.Build.0 = Release|Any CPU
		{E097ED78-C1BD-4FA9-86C2-7D0F4E162314}.Debug|Any CPU.ActiveCfg = Debug|Any CPU
		{E097ED78-C1BD-4FA9-86C2-7D0F4E162314}.Debug|Any CPU.Build.0 = Debug|Any CPU
		{E097ED78-C1BD-4FA9-86C2-7D0F4E162314}.Release|Any CPU.ActiveCfg = Release|Any CPU
		{E097ED78-C1BD-4FA9-86C2-7D0F4E162314}.Release|Any CPU.Build.0 = Release|Any CPU
		{68933817-26C9-4C44-BD15-B40824878FFC}.Debug|Any CPU.ActiveCfg = Debug|Any CPU
		{68933817-26C9-4C44-BD15-B40824878FFC}.Debug|Any CPU.Build.0 = Debug|Any CPU
		{68933817-26C9-4C44-BD15-B40824878FFC}.Release|Any CPU.ActiveCfg = Release|Any CPU
		{68933817-26C9-4C44-BD15-B40824878FFC}.Release|Any CPU.Build.0 = Release|Any CPU
		{B57F4F13-C8FC-CD0C-890B-8FD03CEF1BD3}.Debug|Any CPU.ActiveCfg = Debug|Any CPU
		{B57F4F13-C8FC-CD0C-890B-8FD03CEF1BD3}.Debug|Any CPU.Build.0 = Debug|Any CPU
		{B57F4F13-C8FC-CD0C-890B-8FD03CEF1BD3}.Release|Any CPU.ActiveCfg = Release|Any CPU
		{B57F4F13-C8FC-CD0C-890B-8FD03CEF1BD3}.Release|Any CPU.Build.0 = Release|Any CPU
		{2E41DE57-4570-2435-2E0B-97463713EC90}.Debug|Any CPU.ActiveCfg = Debug|Any CPU
		{2E41DE57-4570-2435-2E0B-97463713EC90}.Debug|Any CPU.Build.0 = Debug|Any CPU
		{2E41DE57-4570-2435-2E0B-97463713EC90}.Release|Any CPU.ActiveCfg = Release|Any CPU
		{2E41DE57-4570-2435-2E0B-97463713EC90}.Release|Any CPU.Build.0 = Release|Any CPU
		{881055B6-6C4D-9742-BE9D-5ADB6CC3E366}.Debug|Any CPU.ActiveCfg = Debug|Any CPU
		{881055B6-6C4D-9742-BE9D-5ADB6CC3E366}.Debug|Any CPU.Build.0 = Debug|Any CPU
		{881055B6-6C4D-9742-BE9D-5ADB6CC3E366}.Release|Any CPU.ActiveCfg = Release|Any CPU
		{881055B6-6C4D-9742-BE9D-5ADB6CC3E366}.Release|Any CPU.Build.0 = Release|Any CPU
		{C4E348BA-F85C-64AD-4A9F-9D1E32D5E15D}.Debug|Any CPU.ActiveCfg = Debug|Any CPU
		{C4E348BA-F85C-64AD-4A9F-9D1E32D5E15D}.Debug|Any CPU.Build.0 = Debug|Any CPU
		{C4E348BA-F85C-64AD-4A9F-9D1E32D5E15D}.Release|Any CPU.ActiveCfg = Release|Any CPU
		{C4E348BA-F85C-64AD-4A9F-9D1E32D5E15D}.Release|Any CPU.Build.0 = Release|Any CPU
		{B4BD910E-6449-2D1F-32CC-85ABF9998FAD}.Debug|Any CPU.ActiveCfg = Debug|Any CPU
		{B4BD910E-6449-2D1F-32CC-85ABF9998FAD}.Debug|Any CPU.Build.0 = Debug|Any CPU
		{B4BD910E-6449-2D1F-32CC-85ABF9998FAD}.Release|Any CPU.ActiveCfg = Release|Any CPU
		{B4BD910E-6449-2D1F-32CC-85ABF9998FAD}.Release|Any CPU.Build.0 = Release|Any CPU
		{72A0AA4C-250C-4628-A296-52682728A1A6}.Debug|Any CPU.ActiveCfg = Debug|Any CPU
		{72A0AA4C-250C-4628-A296-52682728A1A6}.Debug|Any CPU.Build.0 = Debug|Any CPU
		{72A0AA4C-250C-4628-A296-52682728A1A6}.Release|Any CPU.ActiveCfg = Release|Any CPU
		{72A0AA4C-250C-4628-A296-52682728A1A6}.Release|Any CPU.Build.0 = Release|Any CPU
	EndGlobalSection
	GlobalSection(SolutionProperties) = preSolution
		HideSolutionNode = FALSE
	EndGlobalSection
	GlobalSection(NestedProjects) = preSolution
		{AD884C84-BBCF-4483-9930-EC497C14300F} = {A4F20F3E-E885-4D04-B2A4-E817AE075CB0}
		{8FCC48E6-FE09-4BF8-9561-FA5307442821} = {8139FBE3-BF7F-455E-85E5-794558299997}
		{D1B5250A-0E18-4183-AE2D-F3B83ABCABC5} = {A4F20F3E-E885-4D04-B2A4-E817AE075CB0}
		{6BF08854-55C9-48C9-B51D-FB75C862951E} = {8139FBE3-BF7F-455E-85E5-794558299997}
		{108CAA25-EB75-47A8-9994-2DD6CE9AFF91} = {6BF08854-55C9-48C9-B51D-FB75C862951E}
		{37A2B944-D0E3-4055-A467-E3D23363E6B4} = {A4F20F3E-E885-4D04-B2A4-E817AE075CB0}
		{0796630B-3959-4B5D-A991-096A1D99BB61} = {8139FBE3-BF7F-455E-85E5-794558299997}
		{F771BC4D-7BFF-4959-BDEE-C3B6C6A7CA51} = {0796630B-3959-4B5D-A991-096A1D99BB61}
		{E4E858C4-C949-4610-A9B0-251E21F0CE8C} = {8FCC48E6-FE09-4BF8-9561-FA5307442821}
		{0CD33391-98ED-4E0E-BB07-96D944602F9A} = {D1B5250A-0E18-4183-AE2D-F3B83ABCABC5}
		{E097ED78-C1BD-4FA9-86C2-7D0F4E162314} = {AD884C84-BBCF-4483-9930-EC497C14300F}
		{68933817-26C9-4C44-BD15-B40824878FFC} = {37A2B944-D0E3-4055-A467-E3D23363E6B4}
		{7119A42A-23EB-428C-BFFA-626DAF136A2A} = {A4F20F3E-E885-4D04-B2A4-E817AE075CB0}
		{A126135E-A333-4585-A1FD-457DC13C592B} = {8139FBE3-BF7F-455E-85E5-794558299997}
		{B57F4F13-C8FC-CD0C-890B-8FD03CEF1BD3} = {7119A42A-23EB-428C-BFFA-626DAF136A2A}
		{2E41DE57-4570-2435-2E0B-97463713EC90} = {A126135E-A333-4585-A1FD-457DC13C592B}
		{A658D53A-7F7B-4B5C-A164-D5CDD6A99171} = {A4F20F3E-E885-4D04-B2A4-E817AE075CB0}
		{732C598B-5AFD-46AD-97E1-D8865D1959F1} = {8139FBE3-BF7F-455E-85E5-794558299997}
		{881055B6-6C4D-9742-BE9D-5ADB6CC3E366} = {A658D53A-7F7B-4B5C-A164-D5CDD6A99171}
		{C4E348BA-F85C-64AD-4A9F-9D1E32D5E15D} = {732C598B-5AFD-46AD-97E1-D8865D1959F1}
		{6D78E327-F7BE-4774-8456-8791A8EBD60F} = {A4F20F3E-E885-4D04-B2A4-E817AE075CB0}
		{B4BD910E-6449-2D1F-32CC-85ABF9998FAD} = {6D78E327-F7BE-4774-8456-8791A8EBD60F}
		{A3A1B6CA-3F9D-4142-8702-BC573933C351} = {8139FBE3-BF7F-455E-85E5-794558299997}
		{72A0AA4C-250C-4628-A296-52682728A1A6} = {A3A1B6CA-3F9D-4142-8702-BC573933C351}
	EndGlobalSection
	GlobalSection(ExtensibilityGlobals) = postSolution
		SolutionGuid = {8026CD92-423D-4FC1-80F8-F62BE55C6B4B}
	EndGlobalSection
EndGlobal
