
Microsoft Visual Studio Solution File, Format Version 12.00
# Visual Studio Version 17
VisualStudioVersion = 17.6.33815.320
MinimumVisualStudioVersion = 10.0.40219.1
Project("{FAE04EC0-301F-11D3-BF4B-00C04F79EFBC}") = "Task1", "Task1\Task1.csproj", "{3591DD8F-B71B-4598-AC7D-05DC65FE247C}"
EndProject
Global
	GlobalSection(SolutionConfigurationPlatforms) = preSolution
		Debug|Any CPU = Debug|Any CPU
		Release|Any CPU = Release|Any CPU
	EndGlobalSection
	GlobalSection(ProjectConfigurationPlatforms) = postSolution
		{3591DD8F-B71B-4598-AC7D-05DC65FE247C}.Debug|Any CPU.ActiveCfg = Debug|Any CPU
		{3591DD8F-B71B-4598-AC7D-05DC65FE247C}.Debug|Any CPU.Build.0 = Debug|Any CPU
		{3591DD8F-B71B-4598-AC7D-05DC65FE247C}.Release|Any CPU.ActiveCfg = Release|Any CPU
		{3591DD8F-B71B-4598-AC7D-05DC65FE247C}.Release|Any CPU.Build.0 = Release|Any CPU
	EndGlobalSection
	GlobalSection(SolutionProperties) = preSolution
		HideSolutionNode = FALSE
	EndGlobalSection
	GlobalSection(ExtensibilityGlobals) = postSolution
		SolutionGuid = {BA0467DA-07AB-4BB8-9E68-5BF1BE085A3D}
	EndGlobalSection
EndGlobal
